
Microsoft Visual Studio Solution File, Format Version 12.00
# Visual Studio Version 17
VisualStudioVersion = 17.8.34330.188
MinimumVisualStudioVersion = 10.0.40219.1
Project("{FAE04EC0-301F-11D3-BF4B-00C04F79EFBC}") = "ChatApplication", "ChatApplication\ChatApplication.csproj", "{9420AACB-692B-4834-8F2F-024F46B61421}"
EndProject
Global
	GlobalSection(SolutionConfigurationPlatforms) = preSolution
		Debug|Any CPU = Debug|Any CPU
		Release|Any CPU = Release|Any CPU
	EndGlobalSection
	GlobalSection(ProjectConfigurationPlatforms) = postSolution
		{9420AACB-692B-4834-8F2F-024F46B61421}.Debug|Any CPU.ActiveCfg = Debug|Any CPU
		{9420AACB-692B-4834-8F2F-024F46B61421}.Debug|Any CPU.Build.0 = Debug|Any CPU
		{9420AACB-692B-4834-8F2F-024F46B61421}.Release|Any CPU.ActiveCfg = Release|Any CPU
		{9420AACB-692B-4834-8F2F-024F46B61421}.Release|Any CPU.Build.0 = Release|Any CPU
	EndGlobalSection
	GlobalSection(SolutionProperties) = preSolution
		HideSolutionNode = FALSE
	EndGlobalSection
	GlobalSection(ExtensibilityGlobals) = postSolution
		SolutionGuid = {AF6B3AA5-D34C-41BE-A3A4-85EF8A9F540B}
	EndGlobalSection
EndGlobal
